{
	"name": "@incpad/validator",
	"version": "0.0.4",
	"lockfileVersion": 1,
	"requires": true,
	"dependencies": {
		"fastest-validator": {
			"version": "0.6.12",
			"resolved": "http://registry.npm.taobao.org/fastest-validator/download/fastest-validator-0.6.12.tgz",
			"integrity": "sha1-DW+Npjzmd9e3Uh62qOLGJcHX3nk="
		}
	}
}
